# This file is generated by running "yarn install" inside your project.
# Manual changes might be lost - proceed with caution!

__metadata:
  version: 8
  cacheKey: 10c0

"@isaacs/balanced-match@npm:^4.0.1":
  version: 4.0.1
  resolution: "@isaacs/balanced-match@npm:4.0.1"
  checksum: 10c0/7da011805b259ec5c955f01cee903da72ad97c5e6f01ca96197267d3f33103d5b2f8a1af192140f3aa64526c593c8d098ae366c2b11f7f17645d12387c2fd420
  languageName: node
  linkType: hard

"@isaacs/brace-expansion@npm:^5.0.0":
  version: 5.0.0
  resolution: "@isaacs/brace-expansion@npm:5.0.0"
  dependencies:
    "@isaacs/balanced-match": "npm:^4.0.1"
  checksum: 10c0/b4d4812f4be53afc2c5b6c545001ff7a4659af68d4484804e9d514e183d20269bb81def8682c01a22b17c4d6aed14292c8494f7d2ac664e547101c1a905aa977
  languageName: node
  linkType: hard

"camel-case@npm:^3.0.0":
  version: 3.0.0
  resolution: "camel-case@npm:3.0.0"
  dependencies:
    no-case: "npm:^2.2.0"
    upper-case: "npm:^1.1.1"
  checksum: 10c0/491c6bbf986b9d8355e12cca6beb719b44c2fe96e8526c09958a1b4e0dbb081a82ea59c13b5a6ccf9158ce5979cbe56a8a10d7322bfeed2d84725c6b89d8f934
  languageName: node
  linkType: hard

"clean-css@npm:^4.2.1":
  version: 4.2.1
  resolution: "clean-css@npm:4.2.1"
  dependencies:
    source-map: "npm:~0.6.0"
  checksum: 10c0/b9edf819c17b94c38fed9ac457b39fbd324400c0221e2a437f5ea4f841c31240e212e15a920260a1ade48316213f1a24291e684350a131072d738b8c214acd10
  languageName: node
  linkType: hard

"commander@npm:^2.19.0, commander@npm:~2.20.0":
  version: 2.20.0
  resolution: "commander@npm:2.20.0"
  checksum: 10c0/c037420cdf8c8bbadf37749fe129298eda5b5c004e81805057d87ff508f9dbfb680d30aebe1bbcdfc54b579eaf6182dd90077e506add74d6b26ef52c7e22d41d
  languageName: node
  linkType: hard

"glob@npm:^13.0.0":
  version: 13.0.0
  resolution: "glob@npm:13.0.0"
  dependencies:
    minimatch: "npm:^10.1.1"
    minipass: "npm:^7.1.2"
    path-scurry: "npm:^2.0.0"
  checksum: 10c0/8e2f5821f3f7c312dd102e23a15b80c79e0837a9872784293ba2e15ec73b3f3749a49a42a31bfcb4e52c84820a474e92331c2eebf18819d20308f5c33876630a
  languageName: node
  linkType: hard

"he@npm:^1.2.0":
  version: 1.2.0
  resolution: "he@npm:1.2.0"
  bin:
    he: bin/he
  checksum: 10c0/a27d478befe3c8192f006cdd0639a66798979dfa6e2125c6ac582a19a5ebfec62ad83e8382e6036170d873f46e4536a7e795bf8b95bf7c247f4cc0825ccc8c17
  languageName: node
  linkType: hard

"html-minifier@npm:^4.0.0":
  version: 4.0.0
  resolution: "html-minifier@npm:4.0.0"
  dependencies:
    camel-case: "npm:^3.0.0"
    clean-css: "npm:^4.2.1"
    commander: "npm:^2.19.0"
    he: "npm:^1.2.0"
    param-case: "npm:^2.1.1"
    relateurl: "npm:^0.2.7"
    uglify-js: "npm:^3.5.1"
  bin:
    html-minifier: ./cli.js
  checksum: 10c0/38c2d1cab49593671b104e3bc120b1c5fdf00c75930fcb32e257322219c9d31515af6b39af76e8ecd71fdf3a77d168f8b7b7ce02beba0b72eb5631599b5561bc
  languageName: node
  linkType: hard

"legal-notes@workspace:.":
  version: 0.0.0-use.local
  resolution: "legal-notes@workspace:."
  dependencies:
    html-minifier: "npm:^4.0.0"
    rimraf: "npm:^6.1.2"
  languageName: unknown
  linkType: soft

"lower-case@npm:^1.1.1":
  version: 1.1.4
  resolution: "lower-case@npm:1.1.4"
  checksum: 10c0/2153ae5490d655a63addc8e7d2f848c6c94803b342ed2d177f75e8073e9fbb50a733d1432c82e1cb8425fa6eae14b2877bf5bbdcb93ab93bb982fb5c3962c57b
  languageName: node
  linkType: hard

"lru-cache@npm:^11.0.0":
  version: 11.0.0
  resolution: "lru-cache@npm:11.0.0"
  checksum: 10c0/827ff0e0739f9b0f30f92f5a5fc97c6a2bd3ae32c0452bc58cb7411d6c589d49536073027293f2d1f02d0c2e72b63b162f238df7e9ff6f4cc0345f92afec4d1d
  languageName: node
  linkType: hard

"minimatch@npm:^10.1.1":
  version: 10.1.1
  resolution: "minimatch@npm:10.1.1"
  dependencies:
    "@isaacs/brace-expansion": "npm:^5.0.0"
  checksum: 10c0/c85d44821c71973d636091fddbfbffe62370f5ee3caf0241c5b60c18cd289e916200acb2361b7e987558cd06896d153e25d505db9fc1e43e6b4b6752e2702902
  languageName: node
  linkType: hard

"minipass@npm:^7.1.2":
  version: 7.1.2
  resolution: "minipass@npm:7.1.2"
  checksum: 10c0/b0fd20bb9fb56e5fa9a8bfac539e8915ae07430a619e4b86ff71f5fc757ef3924b23b2c4230393af1eda647ed3d75739e4e0acb250a6b1eb277cf7f8fe449557
  languageName: node
  linkType: hard

"no-case@npm:^2.2.0":
  version: 2.3.2
  resolution: "no-case@npm:2.3.2"
  dependencies:
    lower-case: "npm:^1.1.1"
  checksum: 10c0/63f306e83c18efa0bb37f1c23a25baf4ccf5ebaec70b482fa04d4c5bf8bbb8bcc9a8fbcd818af828ab69f2b602153daf81ec26e448b2bda2d704b8d0c7eec8fa
  languageName: node
  linkType: hard

"package-json-from-dist@npm:^1.0.1":
  version: 1.0.1
  resolution: "package-json-from-dist@npm:1.0.1"
  checksum: 10c0/62ba2785eb655fec084a257af34dbe24292ab74516d6aecef97ef72d4897310bc6898f6c85b5cd22770eaa1ce60d55a0230e150fb6a966e3ecd6c511e23d164b
  languageName: node
  linkType: hard

"param-case@npm:^2.1.1":
  version: 2.1.1
  resolution: "param-case@npm:2.1.1"
  dependencies:
    no-case: "npm:^2.2.0"
  checksum: 10c0/8ea1b8472fd51d5f50b28d1d754899713805d05f2241e9b8c4acafa2c500b3f47457a3b4932ab75220f14d2c69180bb7338b78a45576e2b4d90da1e6f0285833
  languageName: node
  linkType: hard

"path-scurry@npm:^2.0.0":
  version: 2.0.0
  resolution: "path-scurry@npm:2.0.0"
  dependencies:
    lru-cache: "npm:^11.0.0"
    minipass: "npm:^7.1.2"
  checksum: 10c0/3da4adedaa8e7ef8d6dc4f35a0ff8f05a9b4d8365f2b28047752b62d4c1ad73eec21e37b1579ef2d075920157856a3b52ae8309c480a6f1a8bbe06ff8e52b33c
  languageName: node
  linkType: hard

"relateurl@npm:^0.2.7":
  version: 0.2.7
  resolution: "relateurl@npm:0.2.7"
  checksum: 10c0/c248b4e3b32474f116a804b537fa6343d731b80056fb506dffd91e737eef4cac6be47a65aae39b522b0db9d0b1011d1a12e288d82a109ecd94a5299d82f6573a
  languageName: node
  linkType: hard

"rimraf@npm:^6.1.2":
  version: 6.1.2
  resolution: "rimraf@npm:6.1.2"
  dependencies:
    glob: "npm:^13.0.0"
    package-json-from-dist: "npm:^1.0.1"
  bin:
    rimraf: dist/esm/bin.mjs
  checksum: 10c0/c11a6a6fad937ada03c12fe688860690df8296d7cd08dbe59e3cc087f44e43573ae26ecbe48e54cb7a6db745b8c81fe5a15b9359233cc21d52d9b5b3330fcc74
  languageName: node
  linkType: hard

"source-map@npm:~0.6.0, source-map@npm:~0.6.1":
  version: 0.6.1
  resolution: "source-map@npm:0.6.1"
  checksum: 10c0/ab55398007c5e5532957cb0beee2368529618ac0ab372d789806f5718123cc4367d57de3904b4e6a4170eb5a0b0f41373066d02ca0735a0c4d75c7d328d3e011
  languageName: node
  linkType: hard

"uglify-js@npm:^3.5.1":
  version: 3.5.4
  resolution: "uglify-js@npm:3.5.4"
  dependencies:
    commander: "npm:~2.20.0"
    source-map: "npm:~0.6.1"
  bin:
    uglifyjs: bin/uglifyjs
  checksum: 10c0/ebfbc4bb1fc527c913a69ed1d236c8224d49ea3700a47ea0d68de26c3b3888791fb1f243b0b411bfd52de149859155c22a919b35995a48f2a47ca8911583eb3a
  languageName: node
  linkType: hard

"upper-case@npm:^1.1.1":
  version: 1.1.3
  resolution: "upper-case@npm:1.1.3"
  checksum: 10c0/3e4d3a90519915bb591db84d72610392518806d8287b8f7541d87642d30388f42b2def1ed2f687e5792ee025e8f7e17d3a0dcbd5b3b59e306ceb1f3b8121ef54
  languageName: node
  linkType: hard
